# This file is autogenerated, do not edit; changes may be undone by the next 'dep ensure'.


[[projects]]
  name = "github.com/aws/aws-sdk-go"
  packages = [
    "aws",
    "aws/awserr",
    "aws/awsutil",
    "aws/client",
    "aws/client/metadata",
    "aws/corehandlers",
    "aws/credentials",
    "aws/credentials/ec2rolecreds",
    "aws/credentials/endpointcreds",
    "aws/credentials/stscreds",
    "aws/csm",
    "aws/defaults",
    "aws/ec2metadata",
    "aws/endpoints",
    "aws/request",
    "aws/session",
    "aws/signer/v4",
    "internal/sdkio",
    "internal/sdkrand",
    "internal/sdkuri",
    "internal/shareddefaults",
    "private/protocol",
    "private/protocol/query",
    "private/protocol/query/queryutil",
    "private/protocol/rest",
    "private/protocol/xml/xmlutil",
    "service/sqs",
    "service/sts"
  ]
  revision = "8b15f938ed215522a37275106e847f6f0be85fe8"
  version = "v1.15.23"

[[projects]]
  name = "github.com/function61/eventhorizon"
  packages = [
    "util/ass",
    "util/clicommon"
  ]
  revision = "8ab4b738919ae8053db332e97b44090dcf40fbab"
  version = "v0.2.0"

[[projects]]
  name = "github.com/go-ini/ini"
  packages = ["."]
  revision = "5cf292cae48347c2490ac1a58fe36735fb78df7e"
  version = "v1.38.2"

[[projects]]
  name = "github.com/hashicorp/hcl"
  packages = [
    ".",
    "hcl/ast",
    "hcl/parser",
    "hcl/scanner",
    "hcl/strconv",
    "hcl/token",
    "json/parser",
    "json/scanner",
    "json/token"
  ]
  revision = "8cb6e5b959231cc1119e43259c4a608f9c51a241"
  version = "v1.0.0"

[[projects]]
  name = "github.com/jmespath/go-jmespath"
  packages = ["."]
  revision = "0b12d6b5"

[[projects]]
  branch = "master"
  name = "golang.org/x/net"
  packages = [
    "html",
    "html/atom",
    "html/charset"
  ]
  revision = "8a410e7b638dca158bf9e766925842f6651ff828"

[[projects]]
  name = "golang.org/x/text"
  packages = [
    "encoding",
    "encoding/charmap",
    "encoding/htmlindex",
    "encoding/internal",
    "encoding/internal/identifier",
    "encoding/japanese",
    "encoding/korean",
    "encoding/simplifiedchinese",
    "encoding/traditionalchinese",
    "encoding/unicode",
    "internal/gen",
    "internal/tag",
    "internal/utf8internal",
    "language",
    "runes",
    "transform",
    "unicode/cldr"
  ]
  revision = "f21a4dfb5e38f5895301dc265a8def02365cc3d0"
  version = "v0.3.0"

[solve-meta]
  analyzer-name = "dep"
  analyzer-version = 1
  inputs-digest = "7f41637e2a87b0531e89c933e0d906854f0313fd15f320d3d074074c1857fc0a"
  solver-name = "gps-cdcl"
  solver-version = 1
